
Microsoft Visual Studio Solution File, Format Version 11.00
# Visual Studio 2010
Project("{FAE04EC0-301F-11D3-BF4B-00C04F79EFBC}") = "Assembly-CSharp", "Assembly-CSharp.csproj", "{5FE86B9B-6AA9-D2B7-CB8F-4D19AED740A6}"
EndProject
Project("{FAE04EC0-301F-11D3-BF4B-00C04F79EFBC}") = "Assembly-CSharp-firstpass", "Assembly-CSharp-firstpass.csproj", "{F02EF840-816E-3B01-E604-41A047E18D9C}"
EndProject
Project("{FAE04EC0-301F-11D3-BF4B-00C04F79EFBC}") = "Assembly-CSharp-Editor", "Assembly-CSharp-Editor.csproj", "{5B7AC205-56E7-040B-0FA6-1CCB02FA3160}"
EndProject
Project("{FAE04EC0-301F-11D3-BF4B-00C04F79EFBC}") = "Assembly-CSharp-Editor-firstpass", "Assembly-CSharp-Editor-firstpass.csproj", "{1D03337D-B71F-2263-9CDB-2AABFF5CDB54}"
EndProject
Global
	GlobalSection(SolutionConfigurationPlatforms) = preSolution
		Debug|Any CPU = Debug|Any CPU
		Release|Any CPU = Release|Any CPU
	EndGlobalSection
	GlobalSection(ProjectConfigurationPlatforms) = postSolution
		{5FE86B9B-6AA9-D2B7-CB8F-4D19AED740A6}.Debug|Any CPU.ActiveCfg = Debug|Any CPU
		{5FE86B9B-6AA9-D2B7-CB8F-4D19AED740A6}.Debug|Any CPU.Build.0 = Debug|Any CPU
		{5FE86B9B-6AA9-D2B7-CB8F-4D19AED740A6}.Release|Any CPU.ActiveCfg = Release|Any CPU
		{5FE86B9B-6AA9-D2B7-CB8F-4D19AED740A6}.Release|Any CPU.Build.0 = Release|Any CPU
		{F02EF840-816E-3B01-E604-41A047E18D9C}.Debug|Any CPU.ActiveCfg = Debug|Any CPU
		{F02EF840-816E-3B01-E604-41A047E18D9C}.Debug|Any CPU.Build.0 = Debug|Any CPU
		{F02EF840-816E-3B01-E604-41A047E18D9C}.Release|Any CPU.ActiveCfg = Release|Any CPU
		{F02EF840-816E-3B01-E604-41A047E18D9C}.Release|Any CPU.Build.0 = Release|Any CPU
		{5B7AC205-56E7-040B-0FA6-1CCB02FA3160}.Debug|Any CPU.ActiveCfg = Debug|Any CPU
		{5B7AC205-56E7-040B-0FA6-1CCB02FA3160}.Debug|Any CPU.Build.0 = Debug|Any CPU
		{5B7AC205-56E7-040B-0FA6-1CCB02FA3160}.Release|Any CPU.ActiveCfg = Release|Any CPU
		{5B7AC205-56E7-040B-0FA6-1CCB02FA3160}.Release|Any CPU.Build.0 = Release|Any CPU
		{1D03337D-B71F-2263-9CDB-2AABFF5CDB54}.Debug|Any CPU.ActiveCfg = Debug|Any CPU
		{1D03337D-B71F-2263-9CDB-2AABFF5CDB54}.Debug|Any CPU.Build.0 = Debug|Any CPU
		{1D03337D-B71F-2263-9CDB-2AABFF5CDB54}.Release|Any CPU.ActiveCfg = Release|Any CPU
		{1D03337D-B71F-2263-9CDB-2AABFF5CDB54}.Release|Any CPU.Build.0 = Release|Any CPU
	EndGlobalSection
	GlobalSection(SolutionProperties) = preSolution
		HideSolutionNode = FALSE
	EndGlobalSection
	GlobalSection(MonoDevelopProperties) = preSolution
		StartupItem = Assembly-CSharp.csproj
	EndGlobalSection
EndGlobal
